
Microsoft Visual Studio Solution File, Format Version 12.00
# Visual Studio Version 17
VisualStudioVersion = 17.10.35013.160
MinimumVisualStudioVersion = 10.0.40219.1
Project("{FAE04EC0-301F-11D3-BF4B-00C04F79EFBC}") = "FINALSS", "FINALSS\FINALSS.csproj", "{01587A11-F5CE-48A9-9B95-AAEF0B68531A}"
EndProject
Global
	GlobalSection(SolutionConfigurationPlatforms) = preSolution
		Debug|Any CPU = Debug|Any CPU
		Release|Any CPU = Release|Any CPU
	EndGlobalSection
	GlobalSection(ProjectConfigurationPlatforms) = postSolution
		{01587A11-F5CE-48A9-9B95-AAEF0B68531A}.Debug|Any CPU.ActiveCfg = Debug|Any CPU
		{01587A11-F5CE-48A9-9B95-AAEF0B68531A}.Debug|Any CPU.Build.0 = Debug|Any CPU
		{01587A11-F5CE-48A9-9B95-AAEF0B68531A}.Release|Any CPU.ActiveCfg = Release|Any CPU
		{01587A11-F5CE-48A9-9B95-AAEF0B68531A}.Release|Any CPU.Build.0 = Release|Any CPU
	EndGlobalSection
	GlobalSection(SolutionProperties) = preSolution
		HideSolutionNode = FALSE
	EndGlobalSection
	GlobalSection(ExtensibilityGlobals) = postSolution
		SolutionGuid = {0F3A2858-CAB3-430C-9716-F08BBE31BF32}
	EndGlobalSection
EndGlobal
